
Microsoft Visual Studio Solution File, Format Version 12.00
# Visual Studio Version 16
VisualStudioVersion = 16.0.808.10
MinimumVisualStudioVersion = 10.0.40219.1
Project("{FAE04EC0-301F-11D3-BF4B-00C04F79EFBC}") = "gcd", "gcd\gcd.csproj", "{0285F87B-B95E-478C-97EB-3D4EA5F90E6D}"
EndProject
Global
	GlobalSection(SolutionConfigurationPlatforms) = preSolution
		Debug|Any CPU = Debug|Any CPU
		Release|Any CPU = Release|Any CPU
	EndGlobalSection
	GlobalSection(ProjectConfigurationPlatforms) = postSolution
		{0285F87B-B95E-478C-97EB-3D4EA5F90E6D}.Debug|Any CPU.ActiveCfg = Debug|Any CPU
		{0285F87B-B95E-478C-97EB-3D4EA5F90E6D}.Debug|Any CPU.Build.0 = Debug|Any CPU
		{0285F87B-B95E-478C-97EB-3D4EA5F90E6D}.Release|Any CPU.ActiveCfg = Release|Any CPU
		{0285F87B-B95E-478C-97EB-3D4EA5F90E6D}.Release|Any CPU.Build.0 = Release|Any CPU
	EndGlobalSection
	GlobalSection(SolutionProperties) = preSolution
		HideSolutionNode = FALSE
	EndGlobalSection
	GlobalSection(ExtensibilityGlobals) = postSolution
		SolutionGuid = {F66DBC23-FAC1-4D1D-9CD6-5436B98420F1}
	EndGlobalSection
EndGlobal
